{
  "name": "@wenqiangshen0219/npm-package-test",
  "version": "0.0.1",
  "lockfileVersion": 2,
  "requires": true,
  "packages": {
    "": {
      "name": "@wenqiangshen0219/npm-package-test",
      "version": "0.0.1",
      "license": "ISC",
      "dependencies": {
        "@wenqiangshen0219/npm-package-test": "^0.0.1"
      }
    },
    "node_modules/@wenqiangshen0219/npm-package-test": {
      "version": "0.0.1",
      "resolved": "https://npm.pkg.github.com/download/@wenqiangshen0219/npm-package-test/0.0.1/7c8f4b8775316f1548b317432e56bcc5f2ac33c9",
      "integrity": "sha512-S663soIIA4NIhnMGE4ANAO/73VBs/B3HS0pjO765886KCQB9rme6qZTRbq5AlclxK+gpgVMkuJj86emtmA7pxQ==",
      "license": "ISC"
    }
  },
  "dependencies": {
    "@wenqiangshen0219/npm-package-test": {
      "version": "0.0.1",
      "resolved": "https://npm.pkg.github.com/download/@wenqiangshen0219/npm-package-test/0.0.1/7c8f4b8775316f1548b317432e56bcc5f2ac33c9",
      "integrity": "sha512-S663soIIA4NIhnMGE4ANAO/73VBs/B3HS0pjO765886KCQB9rme6qZTRbq5AlclxK+gpgVMkuJj86emtmA7pxQ=="
    }
  }
}
